
Microsoft Visual Studio Solution File, Format Version 12.00
# Visual Studio Version 16
VisualStudioVersion = 16.0.31702.278
MinimumVisualStudioVersion = 10.0.40219.1
Project("{FAE04EC0-301F-11D3-BF4B-00C04F79EFBC}") = "LinqTutorial", "LinqTutorial\LinqTutorial.csproj", "{00D92A4F-E1F1-44A3-85BD-E7872D76AD28}"
EndProject
Global
	GlobalSection(SolutionConfigurationPlatforms) = preSolution
		Debug|Any CPU = Debug|Any CPU
		Release|Any CPU = Release|Any CPU
	EndGlobalSection
	GlobalSection(ProjectConfigurationPlatforms) = postSolution
		{00D92A4F-E1F1-44A3-85BD-E7872D76AD28}.Debug|Any CPU.ActiveCfg = Debug|Any CPU
		{00D92A4F-E1F1-44A3-85BD-E7872D76AD28}.Debug|Any CPU.Build.0 = Debug|Any CPU
		{00D92A4F-E1F1-44A3-85BD-E7872D76AD28}.Release|Any CPU.ActiveCfg = Release|Any CPU
		{00D92A4F-E1F1-44A3-85BD-E7872D76AD28}.Release|Any CPU.Build.0 = Release|Any CPU
	EndGlobalSection
	GlobalSection(SolutionProperties) = preSolution
		HideSolutionNode = FALSE
	EndGlobalSection
	GlobalSection(ExtensibilityGlobals) = postSolution
		SolutionGuid = {A2BC2A57-E000-4F3C-A436-2936D1FC65CC}
	EndGlobalSection
EndGlobal
